
Microsoft Visual Studio Solution File, Format Version 12.00
# Visual Studio Express 15 for Windows Desktop
VisualStudioVersion = 15.0.28307.902
MinimumVisualStudioVersion = 10.0.40219.1
Project("{FAE04EC0-301F-11D3-BF4B-00C04F79EFBC}") = "ExcelReaderDynamic", "ExcelReaderDynamic\ExcelReaderDynamic.csproj", "{285C1850-984A-45AF-88E2-79DB1AE8B071}"
EndProject
Project("{FAE04EC0-301F-11D3-BF4B-00C04F79EFBC}") = "UnitTestProject1", "UnitTestProject1\UnitTestProject1.csproj", "{ABC3920A-2A32-4FC7-9182-6CFDB7F56864}"
EndProject
Global
	GlobalSection(SolutionConfigurationPlatforms) = preSolution
		Debug|Any CPU = Debug|Any CPU
		Release|Any CPU = Release|Any CPU
	EndGlobalSection
	GlobalSection(ProjectConfigurationPlatforms) = postSolution
		{285C1850-984A-45AF-88E2-79DB1AE8B071}.Debug|Any CPU.ActiveCfg = Debug|Any CPU
		{285C1850-984A-45AF-88E2-79DB1AE8B071}.Debug|Any CPU.Build.0 = Debug|Any CPU
		{285C1850-984A-45AF-88E2-79DB1AE8B071}.Release|Any CPU.ActiveCfg = Release|Any CPU
		{285C1850-984A-45AF-88E2-79DB1AE8B071}.Release|Any CPU.Build.0 = Release|Any CPU
		{ABC3920A-2A32-4FC7-9182-6CFDB7F56864}.Debug|Any CPU.ActiveCfg = Debug|Any CPU
		{ABC3920A-2A32-4FC7-9182-6CFDB7F56864}.Debug|Any CPU.Build.0 = Debug|Any CPU
		{ABC3920A-2A32-4FC7-9182-6CFDB7F56864}.Release|Any CPU.ActiveCfg = Release|Any CPU
		{ABC3920A-2A32-4FC7-9182-6CFDB7F56864}.Release|Any CPU.Build.0 = Release|Any CPU
	EndGlobalSection
	GlobalSection(SolutionProperties) = preSolution
		HideSolutionNode = FALSE
	EndGlobalSection
	GlobalSection(ExtensibilityGlobals) = postSolution
		SolutionGuid = {D17E06C7-9B7C-4D5D-83B5-281E28BDE299}
	EndGlobalSection
EndGlobal
